(setq el-get-lock-package-versions
      '((rg\.el :checksum "9a6bcf7180108a58ed4612aa4e55af13410ac9d0")
        (Emacs-wgrep :checksum "712cfff5484d64171bd9a58c5431eeba4ac123fa")
        (php-mode :checksum "c601f75fb953de1c35929ac5fea5b992388c2900")
        (org-roam-macs :checksum "3b52ad3332a84d742c5dd08483f2716385e446c5")
        (org-roam-dailies :checksum "290ea28b06184c855de4cbe13929199349db3b78")
        (org-roam-ui :checksum "5ac74960231db0bf7783c2ba7a19a60f582e91ab")
        (websocket :checksum "8604982b1207fafdef7ecdc4ba54541c1ea87212")
        (simple-httpd :checksum "22ce66ea43e0eadb9ec1d691a35d9695fc29cee6")
        (emacsql :checksum "c1a44076c0e44d5730b67b13c0e741f66f52fc85")
        (org-roam :checksum "69116a4da49448e79ac03aedceeecd9f5ae9b2d4")
        (consult :checksum "c3608b1f634aebf8770ecb1d933a1ae9c34ecdf8")
        (affe :checksum "ff75fbe6f6b280815c33ed2d6694bf0ee74dd1fe")
        (yaml-mode :checksum "fc5e1c58f94472944c4aa838f00f6adcac6fa992")
        (docker-compose-mode :checksum "abaa4f3aeb5c62d7d16e186dd7d77f4e846e126a")
        (hydra :checksum "317e1de33086637579a7aeb60f77ed0405bf359b")
        (ht :checksum "e83fdb8bc0a3cc8cd2687a947e2610b20b68b7d3")
        (bind-key :checksum "e7b248ec05becb11df7cfae1e42b8acedc45e217")
        (lsp-ui :checksum "3cd7cc61273341023b863dcf45906ac9142fd1aa")
        (lsp-mode :checksum "f5d521d56cfef54d0f102680e956a856347d2c96")
        (rustic :checksum "53cacf5039f1d88cdd5cad98d1e9e0ad92da2615")
        (rust-mode :checksum "b4537b6f5fa65626c1bab944681b35769cab9b5c")
        (f :checksum "d50dca48929575642912bb5bbb2585709ba38f82")
        (markdown-mode :checksum "c338cdff80012893e64ba62a199281f430db7021")
        (s :checksum "e957dcb0677da18b2bb60ad867db5df5c35b5616")
        (spinner :checksum "d4647ae87fb0cd24bc9081a3d287c860ff061c21")
        (xterm-color :checksum "1a4012854c69a5cdaeb5a73d2ad705011892fca3")
        (flycheck :checksum "3b5b4248074f016922c2674789d4a242528cf4c7")
        (pkg-info :checksum "76ba7415480687d05a4353b27fea2ae02b8d9d61")
        (epl :checksum "78ab7a85c08222cd15582a298a364774e3282ce6")
        (expand-region\.el :checksum "0bc14fc7fbbcca5da4fdd9695cfd7cbd36eb3b96")
        (company-mode :checksum "656ad10670512e135a0a5881f127bb7a789ef8ca")
        (elscreen :checksum "c47da4023b8fb50bf64c3a33bc4b9d8fbaf73381")
        (anzu :checksum "5abb37455ea44fa401d5f4c1bdc58adb2448db67")
        (ddskk :checksum "c24a624884a3cfb0c28d6d5b9eb19e01387f0917")
        (consult-ghq :checksum "c8619d66bd8f8728e43ed15096078b89eb4d2083")
        (marginalia :checksum "cc7a086cd7816ad41ff004c61c41bdd26ec3ea0b")
        (orderless :checksum "92008e762b30cb445a2227e458cbb9a5e1b1d4e8")
        (vertico :checksum "31060942d65ccd3c1b488d8db497af5eda9ac7fc")
        (magit :checksum "2653432bb51350a145f7234f2c9cb89746b26537")
        (dash :checksum "3df46d7d9fe74f52a661565888e4d31fd760f0df")
        (transient :checksum "ad953cc3c5b8a066d3da11a8527c035744f1385f")
        (with-editor :checksum "4ca225bf1c54d6dab2ba7e734f594419c7769e36")
        (moe-theme :checksum "786c5f9aefa38b36f6bee0aa56aaa8da00fa0924")
        (init-loader :checksum "ecab5a66b40227c4173992adfa5cfeae09f1657e")))
(setq el-get-lock-locked-packages 'nil)
(setq el-get-lock-unlocked-packages 'nil)
